<?xml version="1.0" encoding="utf-8"?>
<Project ToolsVersion="4.0" xmlns="http://schemas.microsoft.com/developer/msbuild/2003">
  <ItemGroup>
    <ClCompile Include="src\mainMenu.cpp" />
    <ClCompile Include="src\main.cpp" />
    <ClCompile Include="src\startandexitButtons.cpp" />
    <ClCompile Include="src\registrationForm.cpp" />
    <ClCompile Include="src\registerandloginButtons.cpp" />
    <ClCompile Include="src\softwareEngineering.cpp" />
    <ClCompile Include="src\robotics.cpp" />
    <ClCompile Include="src\computerNetworks.cpp" />
    <ClCompile Include="src\webDesign.cpp" />
    <ClCompile Include="src\hwSoftwareEngineering.cpp" />
    <ClCompile Include="src\hwQuestions.cpp" />
    <ClCompile Include="src\hwRobotics.cpp" />
  </ItemGroup>
  <ItemGroup>
    <ClInclude Include="include\mainMenu.h" />
    <ClInclude Include="include\startandexitButtons.h" />
    <ClInclude Include="include\registrationForm.h" />
    <ClInclude Include="include\registerandloginButtons.h" />
    <ClInclude Include="include\softwareEngineering.h" />
    <ClInclude Include="include\robotics.h" />
    <ClInclude Include="include\computerNetworks.h" />
    <ClInclude Include="include\webDesign.h" />
    <ClInclude Include="include\hwQuestions.h" />
    <ClInclude Include="include\hwSoftwareEngineering.h" />
    <ClInclude Include="include\hwRobotics.h" />
  </ItemGroup>
</Project>